
Microsoft Visual Studio Solution File, Format Version 12.00
# Visual Studio Version 17
VisualStudioVersion = 17.4.33110.190
MinimumVisualStudioVersion = 10.0.40219.1
Project("{FAE04EC0-301F-11D3-BF4B-00C04F79EFBC}") = "BoardGamesWorld", "BoardGamesWorld\BoardGamesWorld.csproj", "{B8413CAF-16B6-41D1-932B-DA82CCD5DC91}"
EndProject
Project("{FAE04EC0-301F-11D3-BF4B-00C04F79EFBC}") = "BoardGamesWorld.Core", "BoardGamesWorld.Core\BoardGamesWorld.Core.csproj", "{73E38FB0-32FE-4BFF-9BBA-E1DECA57E32C}"
EndProject
Project("{FAE04EC0-301F-11D3-BF4B-00C04F79EFBC}") = "BoardGamesWorld.Infrastructure", "BoardGamesWorld.Infrastructure\BoardGamesWorld.Infrastructure.csproj", "{867E6565-C3C1-4F75-9304-1632601EFC54}"
EndProject
Global
	GlobalSection(SolutionConfigurationPlatforms) = preSolution
		Debug|Any CPU = Debug|Any CPU
		Release|Any CPU = Release|Any CPU
	EndGlobalSection
	GlobalSection(ProjectConfigurationPlatforms) = postSolution
		{B8413CAF-16B6-41D1-932B-DA82CCD5DC91}.Debug|Any CPU.ActiveCfg = Debug|Any CPU
		{B8413CAF-16B6-41D1-932B-DA82CCD5DC91}.Debug|Any CPU.Build.0 = Debug|Any CPU
		{B8413CAF-16B6-41D1-932B-DA82CCD5DC91}.Release|Any CPU.ActiveCfg = Release|Any CPU
		{B8413CAF-16B6-41D1-932B-DA82CCD5DC91}.Release|Any CPU.Build.0 = Release|Any CPU
		{73E38FB0-32FE-4BFF-9BBA-E1DECA57E32C}.Debug|Any CPU.ActiveCfg = Debug|Any CPU
		{73E38FB0-32FE-4BFF-9BBA-E1DECA57E32C}.Debug|Any CPU.Build.0 = Debug|Any CPU
		{73E38FB0-32FE-4BFF-9BBA-E1DECA57E32C}.Release|Any CPU.ActiveCfg = Release|Any CPU
		{73E38FB0-32FE-4BFF-9BBA-E1DECA57E32C}.Release|Any CPU.Build.0 = Release|Any CPU
		{867E6565-C3C1-4F75-9304-1632601EFC54}.Debug|Any CPU.ActiveCfg = Debug|Any CPU
		{867E6565-C3C1-4F75-9304-1632601EFC54}.Debug|Any CPU.Build.0 = Debug|Any CPU
		{867E6565-C3C1-4F75-9304-1632601EFC54}.Release|Any CPU.ActiveCfg = Release|Any CPU
		{867E6565-C3C1-4F75-9304-1632601EFC54}.Release|Any CPU.Build.0 = Release|Any CPU
	EndGlobalSection
	GlobalSection(SolutionProperties) = preSolution
		HideSolutionNode = FALSE
	EndGlobalSection
	GlobalSection(ExtensibilityGlobals) = postSolution
		SolutionGuid = {6DBEE31A-BF2C-4FD4-ABB9-0B82CF2FAE9D}
	EndGlobalSection
EndGlobal
